
Microsoft Visual Studio Solution File, Format Version 12.00
# Visual Studio Version 16
VisualStudioVersion = 16.0.30717.126
MinimumVisualStudioVersion = 10.0.40219.1
Project("{FAE04EC0-301F-11D3-BF4B-00C04F79EFBC}") = "XmlResource", "XmlResource\XmlResource.csproj", "{40047444-1018-4048-B20B-92CE31461C15}"
EndProject
Project("{FAE04EC0-301F-11D3-BF4B-00C04F79EFBC}") = "TestProj", "TestProj\TestProj.csproj", "{6C45006A-F57B-4D84-8FF0-20A9F8E9B13A}"
EndProject
Global
	GlobalSection(SolutionConfigurationPlatforms) = preSolution
		Debug|Any CPU = Debug|Any CPU
		Release|Any CPU = Release|Any CPU
	EndGlobalSection
	GlobalSection(ProjectConfigurationPlatforms) = postSolution
		{40047444-1018-4048-B20B-92CE31461C15}.Debug|Any CPU.ActiveCfg = Debug|Any CPU
		{40047444-1018-4048-B20B-92CE31461C15}.Debug|Any CPU.Build.0 = Debug|Any CPU
		{40047444-1018-4048-B20B-92CE31461C15}.Release|Any CPU.ActiveCfg = Release|Any CPU
		{40047444-1018-4048-B20B-92CE31461C15}.Release|Any CPU.Build.0 = Release|Any CPU
		{6C45006A-F57B-4D84-8FF0-20A9F8E9B13A}.Debug|Any CPU.ActiveCfg = Debug|Any CPU
		{6C45006A-F57B-4D84-8FF0-20A9F8E9B13A}.Debug|Any CPU.Build.0 = Debug|Any CPU
		{6C45006A-F57B-4D84-8FF0-20A9F8E9B13A}.Release|Any CPU.ActiveCfg = Release|Any CPU
		{6C45006A-F57B-4D84-8FF0-20A9F8E9B13A}.Release|Any CPU.Build.0 = Release|Any CPU
	EndGlobalSection
	GlobalSection(SolutionProperties) = preSolution
		HideSolutionNode = FALSE
	EndGlobalSection
	GlobalSection(ExtensibilityGlobals) = postSolution
		SolutionGuid = {B918C361-6F80-4D0B-AEFC-31714ECACF9C}
	EndGlobalSection
EndGlobal
